
Microsoft Visual Studio Solution File, Format Version 12.00
# Visual Studio 15
VisualStudioVersion = 15.0.26730.15
MinimumVisualStudioVersion = 10.0.40219.1
Project("{8BC9CEB8-8B4A-11D0-8D11-00A0C91BC942}") = "MagnetKernel", "MagnetKernel\MagnetKernel.vcxproj", "{F484F949-D334-4F85-8573-834B92E5560A}"
EndProject
Global
	GlobalSection(SolutionConfigurationPlatforms) = preSolution
		Debug_GLFW|x64 = Debug_GLFW|x64
		Debug_GLFW|x86 = Debug_GLFW|x86
		Debug|x64 = Debug|x64
		Debug|x86 = Debug|x86
		Release_NoCmd|x64 = Release_NoCmd|x64
		Release_NoCmd|x86 = Release_NoCmd|x86
		Release|x64 = Release|x64
		Release|x86 = Release|x86
	EndGlobalSection
	GlobalSection(ProjectConfigurationPlatforms) = postSolution
		{F484F949-D334-4F85-8573-834B92E5560A}.Debug_GLFW|x64.ActiveCfg = Debug_GLFW|x64
		{F484F949-D334-4F85-8573-834B92E5560A}.Debug_GLFW|x64.Build.0 = Debug_GLFW|x64
		{F484F949-D334-4F85-8573-834B92E5560A}.Debug_GLFW|x86.ActiveCfg = Debug_GLFW|Win32
		{F484F949-D334-4F85-8573-834B92E5560A}.Debug_GLFW|x86.Build.0 = Debug_GLFW|Win32
		{F484F949-D334-4F85-8573-834B92E5560A}.Debug|x64.ActiveCfg = Debug|Win32
		{F484F949-D334-4F85-8573-834B92E5560A}.Debug|x64.Build.0 = Debug|Win32
		{F484F949-D334-4F85-8573-834B92E5560A}.Debug|x86.ActiveCfg = Debug|x64
		{F484F949-D334-4F85-8573-834B92E5560A}.Debug|x86.Build.0 = Debug|x64
		{F484F949-D334-4F85-8573-834B92E5560A}.Release_NoCmd|x64.ActiveCfg = Release_NoCmd|x64
		{F484F949-D334-4F85-8573-834B92E5560A}.Release_NoCmd|x64.Build.0 = Release_NoCmd|x64
		{F484F949-D334-4F85-8573-834B92E5560A}.Release_NoCmd|x86.ActiveCfg = Release_NoCmd|Win32
		{F484F949-D334-4F85-8573-834B92E5560A}.Release_NoCmd|x86.Build.0 = Release_NoCmd|Win32
		{F484F949-D334-4F85-8573-834B92E5560A}.Release|x64.ActiveCfg = Release|x64
		{F484F949-D334-4F85-8573-834B92E5560A}.Release|x64.Build.0 = Release|x64
		{F484F949-D334-4F85-8573-834B92E5560A}.Release|x86.ActiveCfg = Release|Win32
		{F484F949-D334-4F85-8573-834B92E5560A}.Release|x86.Build.0 = Release|Win32
	EndGlobalSection
	GlobalSection(SolutionProperties) = preSolution
		HideSolutionNode = FALSE
	EndGlobalSection
	GlobalSection(ExtensibilityGlobals) = postSolution
		SolutionGuid = {A86AB9F2-FEC1-40CA-B511-EF04053C0A37}
	EndGlobalSection
EndGlobal
